
Microsoft Visual Studio Solution File, Format Version 12.00
# Visual Studio Version 17
VisualStudioVersion = 17.14.36705.20
MinimumVisualStudioVersion = 10.0.40219.1
Project("{FAE04EC0-301F-11D3-BF4B-00C04F79EFBC}") = "BelegErfassungApp", "BelegErfassungApp\BelegErfassungApp.csproj", "{4828068C-066E-4DAB-8FA0-349B985CAB1C}"
EndProject
Project("{2150E333-8FDC-42A3-9474-1A3956D46DE8}") = "Projektmappenelemente", "Projektmappenelemente", "{84D27F74-D2BA-6C25-2661-968F101900D9}"
	ProjectSection(SolutionItems) = preProject
		.dockerignore = .dockerignore
		.env = .env
		docker-compose.yml = docker-compose.yml
		Dockerfile = Dockerfile
		init-db.sql = init-db.sql
	EndProjectSection
EndProject
Global
	GlobalSection(SolutionConfigurationPlatforms) = preSolution
		Debug|Any CPU = Debug|Any CPU
		Release|Any CPU = Release|Any CPU
	EndGlobalSection
	GlobalSection(ProjectConfigurationPlatforms) = postSolution
		{4828068C-066E-4DAB-8FA0-349B985CAB1C}.Debug|Any CPU.ActiveCfg = Debug|Any CPU
		{4828068C-066E-4DAB-8FA0-349B985CAB1C}.Debug|Any CPU.Build.0 = Debug|Any CPU
		{4828068C-066E-4DAB-8FA0-349B985CAB1C}.Release|Any CPU.ActiveCfg = Release|Any CPU
		{4828068C-066E-4DAB-8FA0-349B985CAB1C}.Release|Any CPU.Build.0 = Release|Any CPU
	EndGlobalSection
	GlobalSection(SolutionProperties) = preSolution
		HideSolutionNode = FALSE
	EndGlobalSection
	GlobalSection(ExtensibilityGlobals) = postSolution
		SolutionGuid = {3DA30F0E-85E5-44D8-84AE-886DBCC9F771}
	EndGlobalSection
EndGlobal
